
Microsoft Visual Studio Solution File, Format Version 12.00
# Visual Studio Version 17
VisualStudioVersion = 17.4.33122.133
MinimumVisualStudioVersion = 10.0.40219.1
Project("{9A19103F-16F7-4668-BE54-9A1E7A4F7556}") = "CatsCommonDebug", "Demo\Cats\CatsCommon\CatsCommonDebug.csproj", "{ADDB13C6-67A6-4715-8472-86121A36C0E7}"
EndProject
Project("{2150E333-8FDC-42A3-9474-1A3956D46DE8}") = "Demo", "Demo", "{A1CBB1EB-771D-4426-A3C7-C4ABB08F13F9}"
EndProject
Project("{2150E333-8FDC-42A3-9474-1A3956D46DE8}") = "Cats", "Cats", "{14CF45BD-950F-41D3-B433-B5D32CA2CE61}"
EndProject
Project("{2150E333-8FDC-42A3-9474-1A3956D46DE8}") = "Pocota", "Pocota", "{394DFADD-F29C-419F-9405-BE3182FF4B0E}"
EndProject
Project("{9A19103F-16F7-4668-BE54-9A1E7A4F7556}") = "CatsContractDebug", "Demo\Cats\CatsContract\CatsContractDebug.csproj", "{A773EB38-5AF8-4FFD-9F83-543B1BB16C8A}"
EndProject
Project("{9A19103F-16F7-4668-BE54-9A1E7A4F7556}") = "PocotaCommonDebug", "Pocota\PocotaCommon\PocotaCommonDebug.csproj", "{5DA45D60-CDA3-4F76-A3DA-11E8D710F62D}"
EndProject
Project("{9A19103F-16F7-4668-BE54-9A1E7A4F7556}") = "PocotaCodeGeneratorDebug", "Pocota\PocotaCodeGenerator\PocotaCodeGeneratorDebug.csproj", "{C6D69A45-AE46-4703-B999-62C04D251A4A}"
EndProject
Project("{9A19103F-16F7-4668-BE54-9A1E7A4F7556}") = "PocotaServerDebug", "Pocota\PocotaServer\PocotaServerDebug.csproj", "{9FAE1DAE-2B34-417A-B72D-3E18A477EA77}"
EndProject
Project("{9A19103F-16F7-4668-BE54-9A1E7A4F7556}") = "CatsCodeGeneratorDebug", "Demo\Cats\CatsCodeGenerator\CatsCodeGeneratorDebug.csproj", "{B68D034A-380A-47D2-8AEC-6BC59FE4803E}"
EndProject
Project("{9A19103F-16F7-4668-BE54-9A1E7A4F7556}") = "PocotaClientDebug", "Pocota\PocotaClient\PocotaClientDebug.csproj", "{5AB06181-A446-4247-B034-31CD39463465}"
EndProject
Project("{9A19103F-16F7-4668-BE54-9A1E7A4F7556}") = "CatsClientMiscDebug", "Demo\Cats\CatsClientMisc\CatsClientMiscDebug.csproj", "{7882167F-4806-4665-92D8-495879BEC3FF}"
EndProject
Project("{9A19103F-16F7-4668-BE54-9A1E7A4F7556}") = "CatsServerGeneratedDebug", "Demo\Cats\CatsServerGenerated\CatsServerGeneratedDebug.csproj", "{95DD48E7-F125-4D7F-955B-038391DC87F0}"
EndProject
Project("{9A19103F-16F7-4668-BE54-9A1E7A4F7556}") = "CatsClientGeneratedDebug", "Demo\Cats\CatsClientGenerated\CatsClientGeneratedDebug.csproj", "{546B77AF-1A51-4A29-86E5-078AF86DB775}"
EndProject
Project("{9A19103F-16F7-4668-BE54-9A1E7A4F7556}") = "CatsServerEngineDebug", "Demo\Cats\CatsServerEngine\CatsServerEngineDebug.csproj", "{FD100430-8531-4A26-A956-4A76EEE0012E}"
EndProject
Project("{9A19103F-16F7-4668-BE54-9A1E7A4F7556}") = "PocotaAspNetDebug", "Pocota\PocotaAspNet\PocotaAspNetDebug.csproj", "{1A3564EA-9C56-4A78-AF38-F00C1F9CF40D}"
EndProject
Project("{9A19103F-16F7-4668-BE54-9A1E7A4F7556}") = "CatsServerDebug", "Demo\Cats\CatsServer\CatsServerDebug.csproj", "{22DF26B8-81C3-4A4C-8F4F-1AFDFB569780}"
EndProject
Project("{2150E333-8FDC-42A3-9474-1A3956D46DE8}") = "Tests", "Tests", "{73C06545-9124-4ADA-9405-8D972157850E}"
EndProject
Project("{9A19103F-16F7-4668-BE54-9A1E7A4F7556}") = "TestProject1", "Tests\TestProject1\TestProject1.csproj", "{255A2EC5-FE5A-4054-A234-9204B42F9D13}"
EndProject
Project("{9A19103F-16F7-4668-BE54-9A1E7A4F7556}") = "CatsClientDebug", "Demo\Cats\CatsClient\CatsClientDebug.csproj", "{78AEDEAA-BCF9-4BE9-B4F7-A3148926BAFB}"
EndProject
Global
	GlobalSection(SolutionConfigurationPlatforms) = preSolution
		Debug|Any CPU = Debug|Any CPU
		Release|Any CPU = Release|Any CPU
	EndGlobalSection
	GlobalSection(ProjectConfigurationPlatforms) = postSolution
		{ADDB13C6-67A6-4715-8472-86121A36C0E7}.Debug|Any CPU.ActiveCfg = Debug|Any CPU
		{ADDB13C6-67A6-4715-8472-86121A36C0E7}.Debug|Any CPU.Build.0 = Debug|Any CPU
		{ADDB13C6-67A6-4715-8472-86121A36C0E7}.Release|Any CPU.ActiveCfg = Release|Any CPU
		{ADDB13C6-67A6-4715-8472-86121A36C0E7}.Release|Any CPU.Build.0 = Release|Any CPU
		{A773EB38-5AF8-4FFD-9F83-543B1BB16C8A}.Debug|Any CPU.ActiveCfg = Debug|Any CPU
		{A773EB38-5AF8-4FFD-9F83-543B1BB16C8A}.Debug|Any CPU.Build.0 = Debug|Any CPU
		{A773EB38-5AF8-4FFD-9F83-543B1BB16C8A}.Release|Any CPU.ActiveCfg = Release|Any CPU
		{A773EB38-5AF8-4FFD-9F83-543B1BB16C8A}.Release|Any CPU.Build.0 = Release|Any CPU
		{5DA45D60-CDA3-4F76-A3DA-11E8D710F62D}.Debug|Any CPU.ActiveCfg = Debug|Any CPU
		{5DA45D60-CDA3-4F76-A3DA-11E8D710F62D}.Debug|Any CPU.Build.0 = Debug|Any CPU
		{5DA45D60-CDA3-4F76-A3DA-11E8D710F62D}.Release|Any CPU.ActiveCfg = Release|Any CPU
		{5DA45D60-CDA3-4F76-A3DA-11E8D710F62D}.Release|Any CPU.Build.0 = Release|Any CPU
		{C6D69A45-AE46-4703-B999-62C04D251A4A}.Debug|Any CPU.ActiveCfg = Debug|Any CPU
		{C6D69A45-AE46-4703-B999-62C04D251A4A}.Debug|Any CPU.Build.0 = Debug|Any CPU
		{C6D69A45-AE46-4703-B999-62C04D251A4A}.Release|Any CPU.ActiveCfg = Release|Any CPU
		{C6D69A45-AE46-4703-B999-62C04D251A4A}.Release|Any CPU.Build.0 = Release|Any CPU
		{9FAE1DAE-2B34-417A-B72D-3E18A477EA77}.Debug|Any CPU.ActiveCfg = Debug|Any CPU
		{9FAE1DAE-2B34-417A-B72D-3E18A477EA77}.Debug|Any CPU.Build.0 = Debug|Any CPU
		{9FAE1DAE-2B34-417A-B72D-3E18A477EA77}.Release|Any CPU.ActiveCfg = Release|Any CPU
		{9FAE1DAE-2B34-417A-B72D-3E18A477EA77}.Release|Any CPU.Build.0 = Release|Any CPU
		{B68D034A-380A-47D2-8AEC-6BC59FE4803E}.Debug|Any CPU.ActiveCfg = Debug|Any CPU
		{B68D034A-380A-47D2-8AEC-6BC59FE4803E}.Debug|Any CPU.Build.0 = Debug|Any CPU
		{B68D034A-380A-47D2-8AEC-6BC59FE4803E}.Release|Any CPU.ActiveCfg = Release|Any CPU
		{B68D034A-380A-47D2-8AEC-6BC59FE4803E}.Release|Any CPU.Build.0 = Release|Any CPU
		{5AB06181-A446-4247-B034-31CD39463465}.Debug|Any CPU.ActiveCfg = Debug|Any CPU
		{5AB06181-A446-4247-B034-31CD39463465}.Debug|Any CPU.Build.0 = Debug|Any CPU
		{5AB06181-A446-4247-B034-31CD39463465}.Release|Any CPU.ActiveCfg = Release|Any CPU
		{5AB06181-A446-4247-B034-31CD39463465}.Release|Any CPU.Build.0 = Release|Any CPU
		{7882167F-4806-4665-92D8-495879BEC3FF}.Debug|Any CPU.ActiveCfg = Debug|Any CPU
		{7882167F-4806-4665-92D8-495879BEC3FF}.Debug|Any CPU.Build.0 = Debug|Any CPU
		{7882167F-4806-4665-92D8-495879BEC3FF}.Release|Any CPU.ActiveCfg = Release|Any CPU
		{7882167F-4806-4665-92D8-495879BEC3FF}.Release|Any CPU.Build.0 = Release|Any CPU
		{95DD48E7-F125-4D7F-955B-038391DC87F0}.Debug|Any CPU.ActiveCfg = Debug|Any CPU
		{95DD48E7-F125-4D7F-955B-038391DC87F0}.Debug|Any CPU.Build.0 = Debug|Any CPU
		{95DD48E7-F125-4D7F-955B-038391DC87F0}.Release|Any CPU.ActiveCfg = Release|Any CPU
		{95DD48E7-F125-4D7F-955B-038391DC87F0}.Release|Any CPU.Build.0 = Release|Any CPU
		{546B77AF-1A51-4A29-86E5-078AF86DB775}.Debug|Any CPU.ActiveCfg = Debug|Any CPU
		{546B77AF-1A51-4A29-86E5-078AF86DB775}.Debug|Any CPU.Build.0 = Debug|Any CPU
		{546B77AF-1A51-4A29-86E5-078AF86DB775}.Release|Any CPU.ActiveCfg = Release|Any CPU
		{546B77AF-1A51-4A29-86E5-078AF86DB775}.Release|Any CPU.Build.0 = Release|Any CPU
		{FD100430-8531-4A26-A956-4A76EEE0012E}.Debug|Any CPU.ActiveCfg = Debug|Any CPU
		{FD100430-8531-4A26-A956-4A76EEE0012E}.Debug|Any CPU.Build.0 = Debug|Any CPU
		{FD100430-8531-4A26-A956-4A76EEE0012E}.Release|Any CPU.ActiveCfg = Release|Any CPU
		{FD100430-8531-4A26-A956-4A76EEE0012E}.Release|Any CPU.Build.0 = Release|Any CPU
		{1A3564EA-9C56-4A78-AF38-F00C1F9CF40D}.Debug|Any CPU.ActiveCfg = Debug|Any CPU
		{1A3564EA-9C56-4A78-AF38-F00C1F9CF40D}.Debug|Any CPU.Build.0 = Debug|Any CPU
		{1A3564EA-9C56-4A78-AF38-F00C1F9CF40D}.Release|Any CPU.ActiveCfg = Release|Any CPU
		{1A3564EA-9C56-4A78-AF38-F00C1F9CF40D}.Release|Any CPU.Build.0 = Release|Any CPU
		{22DF26B8-81C3-4A4C-8F4F-1AFDFB569780}.Debug|Any CPU.ActiveCfg = Debug|Any CPU
		{22DF26B8-81C3-4A4C-8F4F-1AFDFB569780}.Debug|Any CPU.Build.0 = Debug|Any CPU
		{22DF26B8-81C3-4A4C-8F4F-1AFDFB569780}.Release|Any CPU.ActiveCfg = Release|Any CPU
		{22DF26B8-81C3-4A4C-8F4F-1AFDFB569780}.Release|Any CPU.Build.0 = Release|Any CPU
		{255A2EC5-FE5A-4054-A234-9204B42F9D13}.Debug|Any CPU.ActiveCfg = Debug|Any CPU
		{255A2EC5-FE5A-4054-A234-9204B42F9D13}.Debug|Any CPU.Build.0 = Debug|Any CPU
		{255A2EC5-FE5A-4054-A234-9204B42F9D13}.Release|Any CPU.ActiveCfg = Release|Any CPU
		{255A2EC5-FE5A-4054-A234-9204B42F9D13}.Release|Any CPU.Build.0 = Release|Any CPU
		{78AEDEAA-BCF9-4BE9-B4F7-A3148926BAFB}.Debug|Any CPU.ActiveCfg = Debug|Any CPU
		{78AEDEAA-BCF9-4BE9-B4F7-A3148926BAFB}.Debug|Any CPU.Build.0 = Debug|Any CPU
		{78AEDEAA-BCF9-4BE9-B4F7-A3148926BAFB}.Release|Any CPU.ActiveCfg = Release|Any CPU
		{78AEDEAA-BCF9-4BE9-B4F7-A3148926BAFB}.Release|Any CPU.Build.0 = Release|Any CPU
	EndGlobalSection
	GlobalSection(SolutionProperties) = preSolution
		HideSolutionNode = FALSE
	EndGlobalSection
	GlobalSection(NestedProjects) = preSolution
		{ADDB13C6-67A6-4715-8472-86121A36C0E7} = {14CF45BD-950F-41D3-B433-B5D32CA2CE61}
		{14CF45BD-950F-41D3-B433-B5D32CA2CE61} = {A1CBB1EB-771D-4426-A3C7-C4ABB08F13F9}
		{A773EB38-5AF8-4FFD-9F83-543B1BB16C8A} = {14CF45BD-950F-41D3-B433-B5D32CA2CE61}
		{5DA45D60-CDA3-4F76-A3DA-11E8D710F62D} = {394DFADD-F29C-419F-9405-BE3182FF4B0E}
		{C6D69A45-AE46-4703-B999-62C04D251A4A} = {394DFADD-F29C-419F-9405-BE3182FF4B0E}
		{9FAE1DAE-2B34-417A-B72D-3E18A477EA77} = {394DFADD-F29C-419F-9405-BE3182FF4B0E}
		{B68D034A-380A-47D2-8AEC-6BC59FE4803E} = {14CF45BD-950F-41D3-B433-B5D32CA2CE61}
		{5AB06181-A446-4247-B034-31CD39463465} = {394DFADD-F29C-419F-9405-BE3182FF4B0E}
		{7882167F-4806-4665-92D8-495879BEC3FF} = {14CF45BD-950F-41D3-B433-B5D32CA2CE61}
		{95DD48E7-F125-4D7F-955B-038391DC87F0} = {14CF45BD-950F-41D3-B433-B5D32CA2CE61}
		{546B77AF-1A51-4A29-86E5-078AF86DB775} = {14CF45BD-950F-41D3-B433-B5D32CA2CE61}
		{FD100430-8531-4A26-A956-4A76EEE0012E} = {14CF45BD-950F-41D3-B433-B5D32CA2CE61}
		{1A3564EA-9C56-4A78-AF38-F00C1F9CF40D} = {394DFADD-F29C-419F-9405-BE3182FF4B0E}
		{22DF26B8-81C3-4A4C-8F4F-1AFDFB569780} = {14CF45BD-950F-41D3-B433-B5D32CA2CE61}
		{255A2EC5-FE5A-4054-A234-9204B42F9D13} = {73C06545-9124-4ADA-9405-8D972157850E}
		{78AEDEAA-BCF9-4BE9-B4F7-A3148926BAFB} = {14CF45BD-950F-41D3-B433-B5D32CA2CE61}
	EndGlobalSection
	GlobalSection(ExtensibilityGlobals) = postSolution
		SolutionGuid = {FA791647-B939-4CAF-B462-B8812FB92EFA}
	EndGlobalSection
EndGlobal
