
Microsoft Visual Studio Solution File, Format Version 12.00
# Visual Studio Version 17
VisualStudioVersion = 17.6.33801.468
MinimumVisualStudioVersion = 10.0.40219.1
Project("{2150E333-8FDC-42A3-9474-1A3956D46DE8}") = "Pocota", "Pocota", "{4D36AE36-23BA-469B-B36B-B42EBCD9FE17}"
EndProject
Project("{9A19103F-16F7-4668-BE54-9A1E7A4F7556}") = "ContractDebug", "Pocota\Contract\ContractDebug.csproj", "{354628A6-804A-4BCB-B90C-73BCF0EF7816}"
EndProject
Project("{9A19103F-16F7-4668-BE54-9A1E7A4F7556}") = "ContractImplementerDebug", "Pocota\ContractImplementer\ContractImplementerDebug.csproj", "{6EF6C2AC-E7E3-4916-8F16-DAA606F53973}"
EndProject
Project("{9A19103F-16F7-4668-BE54-9A1E7A4F7556}") = "ServerDebug", "Pocota\Server\ServerDebug.csproj", "{EA69043C-85CB-4700-97C2-6D8FDE6AFFAE}"
EndProject
Project("{9A19103F-16F7-4668-BE54-9A1E7A4F7556}") = "CommonDebug", "Pocota\Common\CommonDebug.csproj", "{5BD1B0DF-3BDD-4DE4-A54A-86E3D8ACC29A}"
EndProject
Project("{2150E333-8FDC-42A3-9474-1A3956D46DE8}") = "Элементы решения", "Элементы решения", "{8681E796-A2B1-42D6-93A6-B446865FC714}"
	ProjectSection(SolutionItems) = preProject
		..\git_pull.py = ..\git_pull.py
		..\git_status.py = ..\git_status.py
		..\E6dWebApp\publish.py = ..\E6dWebApp\publish.py
		pull.py = pull.py
		push.py = push.py
	EndProjectSection
EndProject
Project("{2150E333-8FDC-42A3-9474-1A3956D46DE8}") = "Other", "Other", "{2CAD7439-C91B-4183-892D-704A27EC76D7}"
EndProject
Project("{2150E333-8FDC-42A3-9474-1A3956D46DE8}") = "Generated", "Generated", "{FAAADCDC-3539-4C50-A1AF-F764856EADFB}"
EndProject
Project("{9A19103F-16F7-4668-BE54-9A1E7A4F7556}") = "GeneratedServerStuff", "Tests\GeneratedServerStuff\GeneratedServerStuff.csproj", "{684F60D2-F758-48BD-9130-84996BC2FCEF}"
EndProject
Project("{9A19103F-16F7-4668-BE54-9A1E7A4F7556}") = "Model", "Tests\GeneratedModel\Model.csproj", "{C73B3BB3-02C6-4CAB-B70F-9FEEAF67F01C}"
EndProject
Project("{9A19103F-16F7-4668-BE54-9A1E7A4F7556}") = "Contract", "Tests\GeneratedContract\Contract.csproj", "{84BA7EC7-BACD-4A74-B1DC-A11BD6E7E33B}"
EndProject
Project("{2150E333-8FDC-42A3-9474-1A3956D46DE8}") = "Tests", "Tests", "{58627AA6-CA23-4998-943D-2AEC52E95C72}"
EndProject
Project("{9A19103F-16F7-4668-BE54-9A1E7A4F7556}") = "TestPocoUniverse", "Tests\TestPocoUniverse\TestPocoUniverse.csproj", "{AD66F262-AB0C-4CC0-8A96-3B2361443340}"
EndProject
Project("{9A19103F-16F7-4668-BE54-9A1E7A4F7556}") = "RandomPocoUniverse", "Tests\RandomPocoUniverse\RandomPocoUniverse.csproj", "{0BAE4891-E23E-460A-A9EB-0ACB781439E2}"
EndProject
Project("{9A19103F-16F7-4668-BE54-9A1E7A4F7556}") = "PocoUniverseCommon", "Tests\PocoUniverseCommon\PocoUniverseCommon.csproj", "{7366EFFB-8BD4-47E8-878D-94219697E0FA}"
EndProject
Project("{9A19103F-16F7-4668-BE54-9A1E7A4F7556}") = "PocoUniverseServer", "Tests\PocoUniverseServer\PocoUniverseServer.csproj", "{A468DEA1-DB38-4622-9976-1270CBACB3EB}"
EndProject
Project("{FAE04EC0-301F-11D3-BF4B-00C04F79EFBC}") = "EFLearning", "Tests\EFLearning\EFLearning.csproj", "{6181F308-21B6-445E-AAF6-9A91C6B44F19}"
EndProject
Global
	GlobalSection(SolutionConfigurationPlatforms) = preSolution
		Debug|Any CPU = Debug|Any CPU
		RAC|Any CPU = RAC|Any CPU
		Release|Any CPU = Release|Any CPU
	EndGlobalSection
	GlobalSection(ProjectConfigurationPlatforms) = postSolution
		{354628A6-804A-4BCB-B90C-73BCF0EF7816}.Debug|Any CPU.ActiveCfg = Debug|Any CPU
		{354628A6-804A-4BCB-B90C-73BCF0EF7816}.Debug|Any CPU.Build.0 = Debug|Any CPU
		{354628A6-804A-4BCB-B90C-73BCF0EF7816}.RAC|Any CPU.ActiveCfg = RAC|Any CPU
		{354628A6-804A-4BCB-B90C-73BCF0EF7816}.RAC|Any CPU.Build.0 = RAC|Any CPU
		{354628A6-804A-4BCB-B90C-73BCF0EF7816}.Release|Any CPU.ActiveCfg = Release|Any CPU
		{354628A6-804A-4BCB-B90C-73BCF0EF7816}.Release|Any CPU.Build.0 = Release|Any CPU
		{6EF6C2AC-E7E3-4916-8F16-DAA606F53973}.Debug|Any CPU.ActiveCfg = Debug|Any CPU
		{6EF6C2AC-E7E3-4916-8F16-DAA606F53973}.Debug|Any CPU.Build.0 = Debug|Any CPU
		{6EF6C2AC-E7E3-4916-8F16-DAA606F53973}.RAC|Any CPU.ActiveCfg = Release|Any CPU
		{6EF6C2AC-E7E3-4916-8F16-DAA606F53973}.RAC|Any CPU.Build.0 = Release|Any CPU
		{6EF6C2AC-E7E3-4916-8F16-DAA606F53973}.Release|Any CPU.ActiveCfg = Release|Any CPU
		{6EF6C2AC-E7E3-4916-8F16-DAA606F53973}.Release|Any CPU.Build.0 = Release|Any CPU
		{EA69043C-85CB-4700-97C2-6D8FDE6AFFAE}.Debug|Any CPU.ActiveCfg = Debug|Any CPU
		{EA69043C-85CB-4700-97C2-6D8FDE6AFFAE}.Debug|Any CPU.Build.0 = Debug|Any CPU
		{EA69043C-85CB-4700-97C2-6D8FDE6AFFAE}.RAC|Any CPU.ActiveCfg = RAC|Any CPU
		{EA69043C-85CB-4700-97C2-6D8FDE6AFFAE}.RAC|Any CPU.Build.0 = RAC|Any CPU
		{EA69043C-85CB-4700-97C2-6D8FDE6AFFAE}.Release|Any CPU.ActiveCfg = Release|Any CPU
		{EA69043C-85CB-4700-97C2-6D8FDE6AFFAE}.Release|Any CPU.Build.0 = Release|Any CPU
		{5BD1B0DF-3BDD-4DE4-A54A-86E3D8ACC29A}.Debug|Any CPU.ActiveCfg = Debug|Any CPU
		{5BD1B0DF-3BDD-4DE4-A54A-86E3D8ACC29A}.Debug|Any CPU.Build.0 = Debug|Any CPU
		{5BD1B0DF-3BDD-4DE4-A54A-86E3D8ACC29A}.RAC|Any CPU.ActiveCfg = RAC|Any CPU
		{5BD1B0DF-3BDD-4DE4-A54A-86E3D8ACC29A}.RAC|Any CPU.Build.0 = RAC|Any CPU
		{5BD1B0DF-3BDD-4DE4-A54A-86E3D8ACC29A}.Release|Any CPU.ActiveCfg = Release|Any CPU
		{5BD1B0DF-3BDD-4DE4-A54A-86E3D8ACC29A}.Release|Any CPU.Build.0 = Release|Any CPU
		{684F60D2-F758-48BD-9130-84996BC2FCEF}.Debug|Any CPU.ActiveCfg = Debug|Any CPU
		{684F60D2-F758-48BD-9130-84996BC2FCEF}.Debug|Any CPU.Build.0 = Debug|Any CPU
		{684F60D2-F758-48BD-9130-84996BC2FCEF}.RAC|Any CPU.ActiveCfg = Release|Any CPU
		{684F60D2-F758-48BD-9130-84996BC2FCEF}.RAC|Any CPU.Build.0 = Release|Any CPU
		{684F60D2-F758-48BD-9130-84996BC2FCEF}.Release|Any CPU.ActiveCfg = Release|Any CPU
		{684F60D2-F758-48BD-9130-84996BC2FCEF}.Release|Any CPU.Build.0 = Release|Any CPU
		{C73B3BB3-02C6-4CAB-B70F-9FEEAF67F01C}.Debug|Any CPU.ActiveCfg = Debug|Any CPU
		{C73B3BB3-02C6-4CAB-B70F-9FEEAF67F01C}.Debug|Any CPU.Build.0 = Debug|Any CPU
		{C73B3BB3-02C6-4CAB-B70F-9FEEAF67F01C}.RAC|Any CPU.ActiveCfg = Release|Any CPU
		{C73B3BB3-02C6-4CAB-B70F-9FEEAF67F01C}.RAC|Any CPU.Build.0 = Release|Any CPU
		{C73B3BB3-02C6-4CAB-B70F-9FEEAF67F01C}.Release|Any CPU.ActiveCfg = Release|Any CPU
		{C73B3BB3-02C6-4CAB-B70F-9FEEAF67F01C}.Release|Any CPU.Build.0 = Release|Any CPU
		{84BA7EC7-BACD-4A74-B1DC-A11BD6E7E33B}.Debug|Any CPU.ActiveCfg = Debug|Any CPU
		{84BA7EC7-BACD-4A74-B1DC-A11BD6E7E33B}.Debug|Any CPU.Build.0 = Debug|Any CPU
		{84BA7EC7-BACD-4A74-B1DC-A11BD6E7E33B}.RAC|Any CPU.ActiveCfg = Release|Any CPU
		{84BA7EC7-BACD-4A74-B1DC-A11BD6E7E33B}.RAC|Any CPU.Build.0 = Release|Any CPU
		{84BA7EC7-BACD-4A74-B1DC-A11BD6E7E33B}.Release|Any CPU.ActiveCfg = Release|Any CPU
		{84BA7EC7-BACD-4A74-B1DC-A11BD6E7E33B}.Release|Any CPU.Build.0 = Release|Any CPU
		{AD66F262-AB0C-4CC0-8A96-3B2361443340}.Debug|Any CPU.ActiveCfg = RAC|Any CPU
		{AD66F262-AB0C-4CC0-8A96-3B2361443340}.Debug|Any CPU.Build.0 = RAC|Any CPU
		{AD66F262-AB0C-4CC0-8A96-3B2361443340}.RAC|Any CPU.ActiveCfg = RAC|Any CPU
		{AD66F262-AB0C-4CC0-8A96-3B2361443340}.RAC|Any CPU.Build.0 = RAC|Any CPU
		{AD66F262-AB0C-4CC0-8A96-3B2361443340}.Release|Any CPU.ActiveCfg = RAC|Any CPU
		{AD66F262-AB0C-4CC0-8A96-3B2361443340}.Release|Any CPU.Build.0 = RAC|Any CPU
		{0BAE4891-E23E-460A-A9EB-0ACB781439E2}.Debug|Any CPU.ActiveCfg = Debug|Any CPU
		{0BAE4891-E23E-460A-A9EB-0ACB781439E2}.Debug|Any CPU.Build.0 = Debug|Any CPU
		{0BAE4891-E23E-460A-A9EB-0ACB781439E2}.RAC|Any CPU.ActiveCfg = Release|Any CPU
		{0BAE4891-E23E-460A-A9EB-0ACB781439E2}.RAC|Any CPU.Build.0 = Release|Any CPU
		{0BAE4891-E23E-460A-A9EB-0ACB781439E2}.Release|Any CPU.ActiveCfg = Release|Any CPU
		{0BAE4891-E23E-460A-A9EB-0ACB781439E2}.Release|Any CPU.Build.0 = Release|Any CPU
		{7366EFFB-8BD4-47E8-878D-94219697E0FA}.Debug|Any CPU.ActiveCfg = Debug|Any CPU
		{7366EFFB-8BD4-47E8-878D-94219697E0FA}.Debug|Any CPU.Build.0 = Debug|Any CPU
		{7366EFFB-8BD4-47E8-878D-94219697E0FA}.RAC|Any CPU.ActiveCfg = RAC|Any CPU
		{7366EFFB-8BD4-47E8-878D-94219697E0FA}.RAC|Any CPU.Build.0 = RAC|Any CPU
		{7366EFFB-8BD4-47E8-878D-94219697E0FA}.Release|Any CPU.ActiveCfg = Release|Any CPU
		{7366EFFB-8BD4-47E8-878D-94219697E0FA}.Release|Any CPU.Build.0 = Release|Any CPU
		{A468DEA1-DB38-4622-9976-1270CBACB3EB}.Debug|Any CPU.ActiveCfg = Debug|Any CPU
		{A468DEA1-DB38-4622-9976-1270CBACB3EB}.Debug|Any CPU.Build.0 = Debug|Any CPU
		{A468DEA1-DB38-4622-9976-1270CBACB3EB}.RAC|Any CPU.ActiveCfg = Release|Any CPU
		{A468DEA1-DB38-4622-9976-1270CBACB3EB}.RAC|Any CPU.Build.0 = Release|Any CPU
		{A468DEA1-DB38-4622-9976-1270CBACB3EB}.Release|Any CPU.ActiveCfg = Release|Any CPU
		{A468DEA1-DB38-4622-9976-1270CBACB3EB}.Release|Any CPU.Build.0 = Release|Any CPU
		{6181F308-21B6-445E-AAF6-9A91C6B44F19}.Debug|Any CPU.ActiveCfg = Debug|Any CPU
		{6181F308-21B6-445E-AAF6-9A91C6B44F19}.Debug|Any CPU.Build.0 = Debug|Any CPU
		{6181F308-21B6-445E-AAF6-9A91C6B44F19}.RAC|Any CPU.ActiveCfg = Release|Any CPU
		{6181F308-21B6-445E-AAF6-9A91C6B44F19}.RAC|Any CPU.Build.0 = Release|Any CPU
		{6181F308-21B6-445E-AAF6-9A91C6B44F19}.Release|Any CPU.ActiveCfg = Release|Any CPU
		{6181F308-21B6-445E-AAF6-9A91C6B44F19}.Release|Any CPU.Build.0 = Release|Any CPU
	EndGlobalSection
	GlobalSection(SolutionProperties) = preSolution
		HideSolutionNode = FALSE
	EndGlobalSection
	GlobalSection(NestedProjects) = preSolution
		{354628A6-804A-4BCB-B90C-73BCF0EF7816} = {4D36AE36-23BA-469B-B36B-B42EBCD9FE17}
		{6EF6C2AC-E7E3-4916-8F16-DAA606F53973} = {4D36AE36-23BA-469B-B36B-B42EBCD9FE17}
		{EA69043C-85CB-4700-97C2-6D8FDE6AFFAE} = {4D36AE36-23BA-469B-B36B-B42EBCD9FE17}
		{5BD1B0DF-3BDD-4DE4-A54A-86E3D8ACC29A} = {4D36AE36-23BA-469B-B36B-B42EBCD9FE17}
		{684F60D2-F758-48BD-9130-84996BC2FCEF} = {FAAADCDC-3539-4C50-A1AF-F764856EADFB}
		{C73B3BB3-02C6-4CAB-B70F-9FEEAF67F01C} = {FAAADCDC-3539-4C50-A1AF-F764856EADFB}
		{84BA7EC7-BACD-4A74-B1DC-A11BD6E7E33B} = {FAAADCDC-3539-4C50-A1AF-F764856EADFB}
		{AD66F262-AB0C-4CC0-8A96-3B2361443340} = {58627AA6-CA23-4998-943D-2AEC52E95C72}
		{0BAE4891-E23E-460A-A9EB-0ACB781439E2} = {58627AA6-CA23-4998-943D-2AEC52E95C72}
		{7366EFFB-8BD4-47E8-878D-94219697E0FA} = {58627AA6-CA23-4998-943D-2AEC52E95C72}
		{A468DEA1-DB38-4622-9976-1270CBACB3EB} = {58627AA6-CA23-4998-943D-2AEC52E95C72}
		{6181F308-21B6-445E-AAF6-9A91C6B44F19} = {58627AA6-CA23-4998-943D-2AEC52E95C72}
	EndGlobalSection
	GlobalSection(ExtensibilityGlobals) = postSolution
		SolutionGuid = {DA5EDFDC-26C8-46B1-9271-A4CCC5A758D6}
	EndGlobalSection
EndGlobal
