
Microsoft Visual Studio Solution File, Format Version 12.00
# Visual Studio Version 17
VisualStudioVersion = 17.4.33122.133
MinimumVisualStudioVersion = 10.0.40219.1
Project("{9A19103F-16F7-4668-BE54-9A1E7A4F7556}") = "CatsCommonDebug", "Demo\Cats\CatsCommon\CatsCommonDebug.csproj", "{ADDB13C6-67A6-4715-8472-86121A36C0E7}"
EndProject
Project("{2150E333-8FDC-42A3-9474-1A3956D46DE8}") = "Demo", "Demo", "{A1CBB1EB-771D-4426-A3C7-C4ABB08F13F9}"
EndProject
Project("{2150E333-8FDC-42A3-9474-1A3956D46DE8}") = "Cats", "Cats", "{14CF45BD-950F-41D3-B433-B5D32CA2CE61}"
EndProject
Project("{2150E333-8FDC-42A3-9474-1A3956D46DE8}") = "Pocota", "Pocota", "{394DFADD-F29C-419F-9405-BE3182FF4B0E}"
EndProject
Project("{9A19103F-16F7-4668-BE54-9A1E7A4F7556}") = "CatsContractDebug", "Demo\Cats\CatsContract\CatsContractDebug.csproj", "{A773EB38-5AF8-4FFD-9F83-543B1BB16C8A}"
EndProject
Project("{9A19103F-16F7-4668-BE54-9A1E7A4F7556}") = "PocotaCommonDebug", "Pocota\PocotaCommon\PocotaCommonDebug.csproj", "{5DA45D60-CDA3-4F76-A3DA-11E8D710F62D}"
EndProject
Project("{9A19103F-16F7-4668-BE54-9A1E7A4F7556}") = "PocotaCodeGeneratorDebug", "Pocota\PocotaCodeGenerator\PocotaCodeGeneratorDebug.csproj", "{C6D69A45-AE46-4703-B999-62C04D251A4A}"
EndProject
Project("{9A19103F-16F7-4668-BE54-9A1E7A4F7556}") = "PocotaServerDebug", "Pocota\PocotaServer\PocotaServerDebug.csproj", "{9FAE1DAE-2B34-417A-B72D-3E18A477EA77}"
EndProject
Project("{9A19103F-16F7-4668-BE54-9A1E7A4F7556}") = "CatsCodeGeneratorDebug", "Demo\Cats\CatsCodeGenerator\CatsCodeGeneratorDebug.csproj", "{B68D034A-380A-47D2-8AEC-6BC59FE4803E}"
EndProject
Project("{9A19103F-16F7-4668-BE54-9A1E7A4F7556}") = "CatsConnectorDebug", "Demo\Cats\CatsConnector\CatsConnectorDebug.csproj", "{1E0247E6-E4B2-4BE8-81D1-34C2B4346F1D}"
EndProject
Project("{9A19103F-16F7-4668-BE54-9A1E7A4F7556}") = "PocotaClientDebug", "Pocota\PocotaClient\PocotaClientDebug.csproj", "{5AB06181-A446-4247-B034-31CD39463465}"
EndProject
Project("{FAE04EC0-301F-11D3-BF4B-00C04F79EFBC}") = "CatsServerBasesDebug", "Demo\Cats\CatsServerBases\CatsServerBasesDebug.csproj", "{E2939199-4242-41C8-85AA-AA4A93AC7AB9}"
EndProject
Project("{9A19103F-16F7-4668-BE54-9A1E7A4F7556}") = "CatsClientMiscDebug", "Demo\Cats\CatsClientMisc\CatsClientMiscDebug.csproj", "{7882167F-4806-4665-92D8-495879BEC3FF}"
EndProject
Global
	GlobalSection(SolutionConfigurationPlatforms) = preSolution
		Debug|Any CPU = Debug|Any CPU
		Release|Any CPU = Release|Any CPU
	EndGlobalSection
	GlobalSection(ProjectConfigurationPlatforms) = postSolution
		{ADDB13C6-67A6-4715-8472-86121A36C0E7}.Debug|Any CPU.ActiveCfg = Debug|Any CPU
		{ADDB13C6-67A6-4715-8472-86121A36C0E7}.Debug|Any CPU.Build.0 = Debug|Any CPU
		{ADDB13C6-67A6-4715-8472-86121A36C0E7}.Release|Any CPU.ActiveCfg = Release|Any CPU
		{ADDB13C6-67A6-4715-8472-86121A36C0E7}.Release|Any CPU.Build.0 = Release|Any CPU
		{A773EB38-5AF8-4FFD-9F83-543B1BB16C8A}.Debug|Any CPU.ActiveCfg = Debug|Any CPU
		{A773EB38-5AF8-4FFD-9F83-543B1BB16C8A}.Debug|Any CPU.Build.0 = Debug|Any CPU
		{A773EB38-5AF8-4FFD-9F83-543B1BB16C8A}.Release|Any CPU.ActiveCfg = Release|Any CPU
		{A773EB38-5AF8-4FFD-9F83-543B1BB16C8A}.Release|Any CPU.Build.0 = Release|Any CPU
		{5DA45D60-CDA3-4F76-A3DA-11E8D710F62D}.Debug|Any CPU.ActiveCfg = Debug|Any CPU
		{5DA45D60-CDA3-4F76-A3DA-11E8D710F62D}.Debug|Any CPU.Build.0 = Debug|Any CPU
		{5DA45D60-CDA3-4F76-A3DA-11E8D710F62D}.Release|Any CPU.ActiveCfg = Release|Any CPU
		{5DA45D60-CDA3-4F76-A3DA-11E8D710F62D}.Release|Any CPU.Build.0 = Release|Any CPU
		{C6D69A45-AE46-4703-B999-62C04D251A4A}.Debug|Any CPU.ActiveCfg = Debug|Any CPU
		{C6D69A45-AE46-4703-B999-62C04D251A4A}.Debug|Any CPU.Build.0 = Debug|Any CPU
		{C6D69A45-AE46-4703-B999-62C04D251A4A}.Release|Any CPU.ActiveCfg = Release|Any CPU
		{C6D69A45-AE46-4703-B999-62C04D251A4A}.Release|Any CPU.Build.0 = Release|Any CPU
		{9FAE1DAE-2B34-417A-B72D-3E18A477EA77}.Debug|Any CPU.ActiveCfg = Debug|Any CPU
		{9FAE1DAE-2B34-417A-B72D-3E18A477EA77}.Debug|Any CPU.Build.0 = Debug|Any CPU
		{9FAE1DAE-2B34-417A-B72D-3E18A477EA77}.Release|Any CPU.ActiveCfg = Release|Any CPU
		{9FAE1DAE-2B34-417A-B72D-3E18A477EA77}.Release|Any CPU.Build.0 = Release|Any CPU
		{B68D034A-380A-47D2-8AEC-6BC59FE4803E}.Debug|Any CPU.ActiveCfg = Debug|Any CPU
		{B68D034A-380A-47D2-8AEC-6BC59FE4803E}.Debug|Any CPU.Build.0 = Debug|Any CPU
		{B68D034A-380A-47D2-8AEC-6BC59FE4803E}.Release|Any CPU.ActiveCfg = Release|Any CPU
		{B68D034A-380A-47D2-8AEC-6BC59FE4803E}.Release|Any CPU.Build.0 = Release|Any CPU
		{1E0247E6-E4B2-4BE8-81D1-34C2B4346F1D}.Debug|Any CPU.ActiveCfg = Debug|Any CPU
		{1E0247E6-E4B2-4BE8-81D1-34C2B4346F1D}.Debug|Any CPU.Build.0 = Debug|Any CPU
		{1E0247E6-E4B2-4BE8-81D1-34C2B4346F1D}.Release|Any CPU.ActiveCfg = Release|Any CPU
		{1E0247E6-E4B2-4BE8-81D1-34C2B4346F1D}.Release|Any CPU.Build.0 = Release|Any CPU
		{5AB06181-A446-4247-B034-31CD39463465}.Debug|Any CPU.ActiveCfg = Debug|Any CPU
		{5AB06181-A446-4247-B034-31CD39463465}.Debug|Any CPU.Build.0 = Debug|Any CPU
		{5AB06181-A446-4247-B034-31CD39463465}.Release|Any CPU.ActiveCfg = Release|Any CPU
		{5AB06181-A446-4247-B034-31CD39463465}.Release|Any CPU.Build.0 = Release|Any CPU
		{E2939199-4242-41C8-85AA-AA4A93AC7AB9}.Debug|Any CPU.ActiveCfg = Debug|Any CPU
		{E2939199-4242-41C8-85AA-AA4A93AC7AB9}.Debug|Any CPU.Build.0 = Debug|Any CPU
		{E2939199-4242-41C8-85AA-AA4A93AC7AB9}.Release|Any CPU.ActiveCfg = Release|Any CPU
		{E2939199-4242-41C8-85AA-AA4A93AC7AB9}.Release|Any CPU.Build.0 = Release|Any CPU
		{7882167F-4806-4665-92D8-495879BEC3FF}.Debug|Any CPU.ActiveCfg = Debug|Any CPU
		{7882167F-4806-4665-92D8-495879BEC3FF}.Debug|Any CPU.Build.0 = Debug|Any CPU
		{7882167F-4806-4665-92D8-495879BEC3FF}.Release|Any CPU.ActiveCfg = Release|Any CPU
		{7882167F-4806-4665-92D8-495879BEC3FF}.Release|Any CPU.Build.0 = Release|Any CPU
	EndGlobalSection
	GlobalSection(SolutionProperties) = preSolution
		HideSolutionNode = FALSE
	EndGlobalSection
	GlobalSection(NestedProjects) = preSolution
		{ADDB13C6-67A6-4715-8472-86121A36C0E7} = {14CF45BD-950F-41D3-B433-B5D32CA2CE61}
		{14CF45BD-950F-41D3-B433-B5D32CA2CE61} = {A1CBB1EB-771D-4426-A3C7-C4ABB08F13F9}
		{A773EB38-5AF8-4FFD-9F83-543B1BB16C8A} = {14CF45BD-950F-41D3-B433-B5D32CA2CE61}
		{5DA45D60-CDA3-4F76-A3DA-11E8D710F62D} = {394DFADD-F29C-419F-9405-BE3182FF4B0E}
		{C6D69A45-AE46-4703-B999-62C04D251A4A} = {394DFADD-F29C-419F-9405-BE3182FF4B0E}
		{9FAE1DAE-2B34-417A-B72D-3E18A477EA77} = {394DFADD-F29C-419F-9405-BE3182FF4B0E}
		{B68D034A-380A-47D2-8AEC-6BC59FE4803E} = {14CF45BD-950F-41D3-B433-B5D32CA2CE61}
		{1E0247E6-E4B2-4BE8-81D1-34C2B4346F1D} = {14CF45BD-950F-41D3-B433-B5D32CA2CE61}
		{5AB06181-A446-4247-B034-31CD39463465} = {394DFADD-F29C-419F-9405-BE3182FF4B0E}
		{E2939199-4242-41C8-85AA-AA4A93AC7AB9} = {14CF45BD-950F-41D3-B433-B5D32CA2CE61}
		{7882167F-4806-4665-92D8-495879BEC3FF} = {14CF45BD-950F-41D3-B433-B5D32CA2CE61}
	EndGlobalSection
	GlobalSection(ExtensibilityGlobals) = postSolution
		SolutionGuid = {FA791647-B939-4CAF-B462-B8812FB92EFA}
	EndGlobalSection
EndGlobal
