
Microsoft Visual Studio Solution File, Format Version 12.00
# Visual Studio Version 17
VisualStudioVersion = 17.8.34316.72
MinimumVisualStudioVersion = 10.0.40219.1
Project("{9A19103F-16F7-4668-BE54-9A1E7A4F7556}") = "TestRandomPipeline", "Tests\TestRandomPipeline\TestRandomPipeline.csproj", "{730E1E34-E047-48B3-A52E-15E38F50FA4E}"
EndProject
Project("{2150E333-8FDC-42A3-9474-1A3956D46DE8}") = "Tests", "Tests", "{7CD04CE9-2E1F-4531-ADBC-F879D76D8404}"
EndProject
Project("{2150E333-8FDC-42A3-9474-1A3956D46DE8}") = "RandomPipeline", "RandomPipeline", "{591BD972-7D4F-4947-A918-16211C4886BE}"
EndProject
Project("{9A19103F-16F7-4668-BE54-9A1E7A4F7556}") = "Pipeline", "RandomPipeline\Pipeline\Pipeline.csproj", "{EF61612D-00DE-40ED-8E8D-B5759C49A66A}"
EndProject
Project("{9A19103F-16F7-4668-BE54-9A1E7A4F7556}") = "Common", "RandomPipeline\Common\Common.csproj", "{16F896F8-7A09-48F1-A6A0-73BACC8B48E5}"
EndProject
Project("{2150E333-8FDC-42A3-9474-1A3956D46DE8}") = "Pocota", "Pocota", "{F6607477-5C3C-43B1-8F95-840D1DF55161}"
EndProject
Project("{9A19103F-16F7-4668-BE54-9A1E7A4F7556}") = "CommonDebug", "Pocota\Common\CommonDebug.csproj", "{832EDC23-0F63-4BBB-A3BA-122CD1F9CAE3}"
EndProject
Project("{9A19103F-16F7-4668-BE54-9A1E7A4F7556}") = "ContractDebug", "Pocota\Contract\ContractDebug.csproj", "{0310B4AD-B194-436C-ABA5-62AE74AC2F98}"
EndProject
Project("{2150E333-8FDC-42A3-9474-1A3956D46DE8}") = "Generated", "Generated", "{15B9DBEB-ADDF-442A-9FCA-954581ECAD8B}"
EndProject
Project("{9A19103F-16F7-4668-BE54-9A1E7A4F7556}") = "RandomContract", "Tests\Generated\Contract\RandomContract.csproj", "{28069559-E400-4510-9621-34053109DE68}"
EndProject
Project("{9A19103F-16F7-4668-BE54-9A1E7A4F7556}") = "FrameworkGeneratorDebug", "Pocota\FrameworkGenerator\FrameworkGeneratorDebug.csproj", "{84E6B91D-DFA3-4913-B315-A18EC53D5D9E}"
EndProject
Project("{9A19103F-16F7-4668-BE54-9A1E7A4F7556}") = "ServerStuff", "Tests\Generated\Framework\ServerStuff\ServerStuff.csproj", "{30B8D53B-BCA7-454D-A8D2-C42E76C27A70}"
EndProject
Project("{9A19103F-16F7-4668-BE54-9A1E7A4F7556}") = "Contract1", "Tests\CustomsContracts\Contract1\Contract1.csproj", "{C596D163-ABFC-4B19-8665-EC075E300BCF}"
EndProject
Project("{9A19103F-16F7-4668-BE54-9A1E7A4F7556}") = "PocotaServerDebug", "Pocota\Server\PocotaServer\PocotaServerDebug.csproj", "{203B9CD9-3E36-430B-8926-D6D5EE6546AA}"
EndProject
Project("{9A19103F-16F7-4668-BE54-9A1E7A4F7556}") = "RandomServerImpl", "Tests\RandomServerImpl\RandomServerImpl.csproj", "{0F8A895E-6BEC-4F2E-A225-DFB6F4910419}"
EndProject
Global
	GlobalSection(SolutionConfigurationPlatforms) = preSolution
		Debug|Any CPU = Debug|Any CPU
		RAC|Any CPU = RAC|Any CPU
		Release|Any CPU = Release|Any CPU
	EndGlobalSection
	GlobalSection(ProjectConfigurationPlatforms) = postSolution
		{730E1E34-E047-48B3-A52E-15E38F50FA4E}.Debug|Any CPU.ActiveCfg = Debug|Any CPU
		{730E1E34-E047-48B3-A52E-15E38F50FA4E}.Debug|Any CPU.Build.0 = Debug|Any CPU
		{730E1E34-E047-48B3-A52E-15E38F50FA4E}.RAC|Any CPU.ActiveCfg = Release|Any CPU
		{730E1E34-E047-48B3-A52E-15E38F50FA4E}.RAC|Any CPU.Build.0 = Release|Any CPU
		{730E1E34-E047-48B3-A52E-15E38F50FA4E}.Release|Any CPU.ActiveCfg = Release|Any CPU
		{730E1E34-E047-48B3-A52E-15E38F50FA4E}.Release|Any CPU.Build.0 = Release|Any CPU
		{EF61612D-00DE-40ED-8E8D-B5759C49A66A}.Debug|Any CPU.ActiveCfg = Debug|Any CPU
		{EF61612D-00DE-40ED-8E8D-B5759C49A66A}.Debug|Any CPU.Build.0 = Debug|Any CPU
		{EF61612D-00DE-40ED-8E8D-B5759C49A66A}.RAC|Any CPU.ActiveCfg = Release|Any CPU
		{EF61612D-00DE-40ED-8E8D-B5759C49A66A}.RAC|Any CPU.Build.0 = Release|Any CPU
		{EF61612D-00DE-40ED-8E8D-B5759C49A66A}.Release|Any CPU.ActiveCfg = Release|Any CPU
		{EF61612D-00DE-40ED-8E8D-B5759C49A66A}.Release|Any CPU.Build.0 = Release|Any CPU
		{16F896F8-7A09-48F1-A6A0-73BACC8B48E5}.Debug|Any CPU.ActiveCfg = Debug|Any CPU
		{16F896F8-7A09-48F1-A6A0-73BACC8B48E5}.Debug|Any CPU.Build.0 = Debug|Any CPU
		{16F896F8-7A09-48F1-A6A0-73BACC8B48E5}.RAC|Any CPU.ActiveCfg = RAC|Any CPU
		{16F896F8-7A09-48F1-A6A0-73BACC8B48E5}.RAC|Any CPU.Build.0 = RAC|Any CPU
		{16F896F8-7A09-48F1-A6A0-73BACC8B48E5}.Release|Any CPU.ActiveCfg = Release|Any CPU
		{16F896F8-7A09-48F1-A6A0-73BACC8B48E5}.Release|Any CPU.Build.0 = Release|Any CPU
		{832EDC23-0F63-4BBB-A3BA-122CD1F9CAE3}.Debug|Any CPU.ActiveCfg = Debug|Any CPU
		{832EDC23-0F63-4BBB-A3BA-122CD1F9CAE3}.Debug|Any CPU.Build.0 = Debug|Any CPU
		{832EDC23-0F63-4BBB-A3BA-122CD1F9CAE3}.RAC|Any CPU.ActiveCfg = RAC|Any CPU
		{832EDC23-0F63-4BBB-A3BA-122CD1F9CAE3}.RAC|Any CPU.Build.0 = RAC|Any CPU
		{832EDC23-0F63-4BBB-A3BA-122CD1F9CAE3}.Release|Any CPU.ActiveCfg = Release|Any CPU
		{832EDC23-0F63-4BBB-A3BA-122CD1F9CAE3}.Release|Any CPU.Build.0 = Release|Any CPU
		{0310B4AD-B194-436C-ABA5-62AE74AC2F98}.Debug|Any CPU.ActiveCfg = Debug|Any CPU
		{0310B4AD-B194-436C-ABA5-62AE74AC2F98}.Debug|Any CPU.Build.0 = Debug|Any CPU
		{0310B4AD-B194-436C-ABA5-62AE74AC2F98}.RAC|Any CPU.ActiveCfg = RAC|Any CPU
		{0310B4AD-B194-436C-ABA5-62AE74AC2F98}.RAC|Any CPU.Build.0 = RAC|Any CPU
		{0310B4AD-B194-436C-ABA5-62AE74AC2F98}.Release|Any CPU.ActiveCfg = Release|Any CPU
		{0310B4AD-B194-436C-ABA5-62AE74AC2F98}.Release|Any CPU.Build.0 = Release|Any CPU
		{28069559-E400-4510-9621-34053109DE68}.Debug|Any CPU.ActiveCfg = RAC|Any CPU
		{28069559-E400-4510-9621-34053109DE68}.Debug|Any CPU.Build.0 = RAC|Any CPU
		{28069559-E400-4510-9621-34053109DE68}.RAC|Any CPU.ActiveCfg = RAC|Any CPU
		{28069559-E400-4510-9621-34053109DE68}.RAC|Any CPU.Build.0 = RAC|Any CPU
		{28069559-E400-4510-9621-34053109DE68}.Release|Any CPU.ActiveCfg = RAC|Any CPU
		{28069559-E400-4510-9621-34053109DE68}.Release|Any CPU.Build.0 = RAC|Any CPU
		{84E6B91D-DFA3-4913-B315-A18EC53D5D9E}.Debug|Any CPU.ActiveCfg = Debug|Any CPU
		{84E6B91D-DFA3-4913-B315-A18EC53D5D9E}.Debug|Any CPU.Build.0 = Debug|Any CPU
		{84E6B91D-DFA3-4913-B315-A18EC53D5D9E}.RAC|Any CPU.ActiveCfg = Release|Any CPU
		{84E6B91D-DFA3-4913-B315-A18EC53D5D9E}.RAC|Any CPU.Build.0 = Release|Any CPU
		{84E6B91D-DFA3-4913-B315-A18EC53D5D9E}.Release|Any CPU.ActiveCfg = Release|Any CPU
		{84E6B91D-DFA3-4913-B315-A18EC53D5D9E}.Release|Any CPU.Build.0 = Release|Any CPU
		{30B8D53B-BCA7-454D-A8D2-C42E76C27A70}.Debug|Any CPU.ActiveCfg = RAC|Any CPU
		{30B8D53B-BCA7-454D-A8D2-C42E76C27A70}.Debug|Any CPU.Build.0 = RAC|Any CPU
		{30B8D53B-BCA7-454D-A8D2-C42E76C27A70}.RAC|Any CPU.ActiveCfg = RAC|Any CPU
		{30B8D53B-BCA7-454D-A8D2-C42E76C27A70}.RAC|Any CPU.Build.0 = RAC|Any CPU
		{30B8D53B-BCA7-454D-A8D2-C42E76C27A70}.Release|Any CPU.ActiveCfg = RAC|Any CPU
		{30B8D53B-BCA7-454D-A8D2-C42E76C27A70}.Release|Any CPU.Build.0 = RAC|Any CPU
		{C596D163-ABFC-4B19-8665-EC075E300BCF}.Debug|Any CPU.ActiveCfg = Debug|Any CPU
		{C596D163-ABFC-4B19-8665-EC075E300BCF}.Debug|Any CPU.Build.0 = Debug|Any CPU
		{C596D163-ABFC-4B19-8665-EC075E300BCF}.RAC|Any CPU.ActiveCfg = Release|Any CPU
		{C596D163-ABFC-4B19-8665-EC075E300BCF}.RAC|Any CPU.Build.0 = Release|Any CPU
		{C596D163-ABFC-4B19-8665-EC075E300BCF}.Release|Any CPU.ActiveCfg = Release|Any CPU
		{C596D163-ABFC-4B19-8665-EC075E300BCF}.Release|Any CPU.Build.0 = Release|Any CPU
		{203B9CD9-3E36-430B-8926-D6D5EE6546AA}.Debug|Any CPU.ActiveCfg = Debug|Any CPU
		{203B9CD9-3E36-430B-8926-D6D5EE6546AA}.Debug|Any CPU.Build.0 = Debug|Any CPU
		{203B9CD9-3E36-430B-8926-D6D5EE6546AA}.RAC|Any CPU.ActiveCfg = Release|Any CPU
		{203B9CD9-3E36-430B-8926-D6D5EE6546AA}.RAC|Any CPU.Build.0 = Release|Any CPU
		{203B9CD9-3E36-430B-8926-D6D5EE6546AA}.Release|Any CPU.ActiveCfg = Release|Any CPU
		{203B9CD9-3E36-430B-8926-D6D5EE6546AA}.Release|Any CPU.Build.0 = Release|Any CPU
		{0F8A895E-6BEC-4F2E-A225-DFB6F4910419}.Debug|Any CPU.ActiveCfg = Debug|Any CPU
		{0F8A895E-6BEC-4F2E-A225-DFB6F4910419}.Debug|Any CPU.Build.0 = Debug|Any CPU
		{0F8A895E-6BEC-4F2E-A225-DFB6F4910419}.RAC|Any CPU.ActiveCfg = Release|Any CPU
		{0F8A895E-6BEC-4F2E-A225-DFB6F4910419}.RAC|Any CPU.Build.0 = Release|Any CPU
		{0F8A895E-6BEC-4F2E-A225-DFB6F4910419}.Release|Any CPU.ActiveCfg = Release|Any CPU
		{0F8A895E-6BEC-4F2E-A225-DFB6F4910419}.Release|Any CPU.Build.0 = Release|Any CPU
	EndGlobalSection
	GlobalSection(SolutionProperties) = preSolution
		HideSolutionNode = FALSE
	EndGlobalSection
	GlobalSection(NestedProjects) = preSolution
		{730E1E34-E047-48B3-A52E-15E38F50FA4E} = {7CD04CE9-2E1F-4531-ADBC-F879D76D8404}
		{EF61612D-00DE-40ED-8E8D-B5759C49A66A} = {591BD972-7D4F-4947-A918-16211C4886BE}
		{16F896F8-7A09-48F1-A6A0-73BACC8B48E5} = {591BD972-7D4F-4947-A918-16211C4886BE}
		{832EDC23-0F63-4BBB-A3BA-122CD1F9CAE3} = {F6607477-5C3C-43B1-8F95-840D1DF55161}
		{0310B4AD-B194-436C-ABA5-62AE74AC2F98} = {F6607477-5C3C-43B1-8F95-840D1DF55161}
		{15B9DBEB-ADDF-442A-9FCA-954581ECAD8B} = {7CD04CE9-2E1F-4531-ADBC-F879D76D8404}
		{28069559-E400-4510-9621-34053109DE68} = {15B9DBEB-ADDF-442A-9FCA-954581ECAD8B}
		{84E6B91D-DFA3-4913-B315-A18EC53D5D9E} = {F6607477-5C3C-43B1-8F95-840D1DF55161}
		{C596D163-ABFC-4B19-8665-EC075E300BCF} = {7CD04CE9-2E1F-4531-ADBC-F879D76D8404}
		{203B9CD9-3E36-430B-8926-D6D5EE6546AA} = {F6607477-5C3C-43B1-8F95-840D1DF55161}
		{0F8A895E-6BEC-4F2E-A225-DFB6F4910419} = {7CD04CE9-2E1F-4531-ADBC-F879D76D8404}
	EndGlobalSection
	GlobalSection(ExtensibilityGlobals) = postSolution
		SolutionGuid = {86604C9F-C7D5-4795-A922-D532C75C8656}
	EndGlobalSection
EndGlobal
