
Microsoft Visual Studio Solution File, Format Version 12.00
# Visual Studio Version 17
VisualStudioVersion = 17.7.34024.191
MinimumVisualStudioVersion = 10.0.40219.1
Project("{9A19103F-16F7-4668-BE54-9A1E7A4F7556}") = "TestPocoUniverse", "W:\C#\PocotaNew2\Tests\TestPocoUniverse\TestPocoUniverse.csproj", "{74DE18FF-9F71-433B-B16C-25D549DB9A3E}"
EndProject
Project("{2150E333-8FDC-42A3-9474-1A3956D46DE8}") = "Pocota", "Pocota", "{2BDA7C3A-7A0D-4E0F-9716-36E37E7F4825}"
EndProject
Project("{9A19103F-16F7-4668-BE54-9A1E7A4F7556}") = "ServerDebug", "W:\C#\PocotaNew2\Pocota\Server\ServerDebug.csproj", "{B66B3569-7DAC-4DF0-8F5D-E379812B7B27}"
EndProject
Project("{9A19103F-16F7-4668-BE54-9A1E7A4F7556}") = "RandomPocoUniverse", "W:\C#\PocotaNew2\Tests\RandomPocoUniverse\RandomPocoUniverse.csproj", "{3F2D329E-4099-4555-AAA5-42D2221AA80D}"
EndProject
Project("{9A19103F-16F7-4668-BE54-9A1E7A4F7556}") = "PocoUniverseServer", "W:\C#\PocotaNew2\Tests\PocoUniverseServer\PocoUniverseServer.csproj", "{91BA7635-0153-46D9-809D-BE512B5BE1FC}"
EndProject
Project("{9A19103F-16F7-4668-BE54-9A1E7A4F7556}") = "PocoUniverseCommon", "W:\C#\PocotaNew2\Tests\PocoUniverseCommon\PocoUniverseCommon.csproj", "{00D9170F-818C-4E87-8209-C3113B0C4990}"
EndProject
Project("{9A19103F-16F7-4668-BE54-9A1E7A4F7556}") = "CommonDebug", "W:\C#\PocotaNew2\Pocota\Common\CommonDebug.csproj", "{C1A0D295-F0A8-4311-91A6-CA864CDB8567}"
EndProject
Project("{9A19103F-16F7-4668-BE54-9A1E7A4F7556}") = "ContractDebug", "W:\C#\PocotaNew2\Pocota\Contract\ContractDebug.csproj", "{430C4E72-9AEE-4164-B84B-FE10BD2A2695}"
EndProject
Project("{9A19103F-16F7-4668-BE54-9A1E7A4F7556}") = "ContractImplementerDebug", "W:\C#\PocotaNew2\Pocota\ContractImplementer\ContractImplementerDebug.csproj", "{DF2AFC40-93FF-4A9C-8A5E-AA2CFBE3EB10}"
EndProject
Project("{2150E333-8FDC-42A3-9474-1A3956D46DE8}") = "Generated", "Generated", "{0A54AF34-86E8-4573-972F-31C5E6A74DC8}"
EndProject
Project("{9A19103F-16F7-4668-BE54-9A1E7A4F7556}") = "GeneratedServerStuff", "GeneratedServerStuff\GeneratedServerStuff.csproj", "{E81784EC-2BB6-4C54-B9BF-FF147A87EA77}"
EndProject
Project("{9A19103F-16F7-4668-BE54-9A1E7A4F7556}") = "Contract", "GeneratedContract\Contract.csproj", "{CD3DBADC-92B7-43FA-BE4D-8D70EE25B234}"
EndProject
Project("{9A19103F-16F7-4668-BE54-9A1E7A4F7556}") = "Model", "GeneratedModel\Model.csproj", "{CE226705-9999-4CEE-9048-364C0248DED2}"
EndProject
Global
	GlobalSection(SolutionConfigurationPlatforms) = preSolution
		Debug|Any CPU = Debug|Any CPU
		RAC|Any CPU = RAC|Any CPU
		Release|Any CPU = Release|Any CPU
	EndGlobalSection
	GlobalSection(ProjectConfigurationPlatforms) = postSolution
		{74DE18FF-9F71-433B-B16C-25D549DB9A3E}.Debug|Any CPU.ActiveCfg = Debug|Any CPU
		{74DE18FF-9F71-433B-B16C-25D549DB9A3E}.Debug|Any CPU.Build.0 = Debug|Any CPU
		{74DE18FF-9F71-433B-B16C-25D549DB9A3E}.RAC|Any CPU.ActiveCfg = RAC|Any CPU
		{74DE18FF-9F71-433B-B16C-25D549DB9A3E}.RAC|Any CPU.Build.0 = RAC|Any CPU
		{74DE18FF-9F71-433B-B16C-25D549DB9A3E}.Release|Any CPU.ActiveCfg = Release|Any CPU
		{74DE18FF-9F71-433B-B16C-25D549DB9A3E}.Release|Any CPU.Build.0 = Release|Any CPU
		{B66B3569-7DAC-4DF0-8F5D-E379812B7B27}.Debug|Any CPU.ActiveCfg = Debug|Any CPU
		{B66B3569-7DAC-4DF0-8F5D-E379812B7B27}.Debug|Any CPU.Build.0 = Debug|Any CPU
		{B66B3569-7DAC-4DF0-8F5D-E379812B7B27}.RAC|Any CPU.ActiveCfg = RAC|Any CPU
		{B66B3569-7DAC-4DF0-8F5D-E379812B7B27}.RAC|Any CPU.Build.0 = RAC|Any CPU
		{B66B3569-7DAC-4DF0-8F5D-E379812B7B27}.Release|Any CPU.ActiveCfg = Release|Any CPU
		{B66B3569-7DAC-4DF0-8F5D-E379812B7B27}.Release|Any CPU.Build.0 = Release|Any CPU
		{3F2D329E-4099-4555-AAA5-42D2221AA80D}.Debug|Any CPU.ActiveCfg = Debug|Any CPU
		{3F2D329E-4099-4555-AAA5-42D2221AA80D}.Debug|Any CPU.Build.0 = Debug|Any CPU
		{3F2D329E-4099-4555-AAA5-42D2221AA80D}.RAC|Any CPU.ActiveCfg = RAC|Any CPU
		{3F2D329E-4099-4555-AAA5-42D2221AA80D}.RAC|Any CPU.Build.0 = RAC|Any CPU
		{3F2D329E-4099-4555-AAA5-42D2221AA80D}.Release|Any CPU.ActiveCfg = Release|Any CPU
		{3F2D329E-4099-4555-AAA5-42D2221AA80D}.Release|Any CPU.Build.0 = Release|Any CPU
		{91BA7635-0153-46D9-809D-BE512B5BE1FC}.Debug|Any CPU.ActiveCfg = Debug|Any CPU
		{91BA7635-0153-46D9-809D-BE512B5BE1FC}.Debug|Any CPU.Build.0 = Debug|Any CPU
		{91BA7635-0153-46D9-809D-BE512B5BE1FC}.RAC|Any CPU.ActiveCfg = RAC|Any CPU
		{91BA7635-0153-46D9-809D-BE512B5BE1FC}.RAC|Any CPU.Build.0 = RAC|Any CPU
		{91BA7635-0153-46D9-809D-BE512B5BE1FC}.Release|Any CPU.ActiveCfg = Release|Any CPU
		{91BA7635-0153-46D9-809D-BE512B5BE1FC}.Release|Any CPU.Build.0 = Release|Any CPU
		{00D9170F-818C-4E87-8209-C3113B0C4990}.Debug|Any CPU.ActiveCfg = Debug|Any CPU
		{00D9170F-818C-4E87-8209-C3113B0C4990}.Debug|Any CPU.Build.0 = Debug|Any CPU
		{00D9170F-818C-4E87-8209-C3113B0C4990}.RAC|Any CPU.ActiveCfg = RAC|Any CPU
		{00D9170F-818C-4E87-8209-C3113B0C4990}.RAC|Any CPU.Build.0 = RAC|Any CPU
		{00D9170F-818C-4E87-8209-C3113B0C4990}.Release|Any CPU.ActiveCfg = Release|Any CPU
		{00D9170F-818C-4E87-8209-C3113B0C4990}.Release|Any CPU.Build.0 = Release|Any CPU
		{C1A0D295-F0A8-4311-91A6-CA864CDB8567}.Debug|Any CPU.ActiveCfg = Debug|Any CPU
		{C1A0D295-F0A8-4311-91A6-CA864CDB8567}.Debug|Any CPU.Build.0 = Debug|Any CPU
		{C1A0D295-F0A8-4311-91A6-CA864CDB8567}.RAC|Any CPU.ActiveCfg = Debug|Any CPU
		{C1A0D295-F0A8-4311-91A6-CA864CDB8567}.RAC|Any CPU.Build.0 = Debug|Any CPU
		{C1A0D295-F0A8-4311-91A6-CA864CDB8567}.Release|Any CPU.ActiveCfg = Release|Any CPU
		{C1A0D295-F0A8-4311-91A6-CA864CDB8567}.Release|Any CPU.Build.0 = Release|Any CPU
		{430C4E72-9AEE-4164-B84B-FE10BD2A2695}.Debug|Any CPU.ActiveCfg = Debug|Any CPU
		{430C4E72-9AEE-4164-B84B-FE10BD2A2695}.Debug|Any CPU.Build.0 = Debug|Any CPU
		{430C4E72-9AEE-4164-B84B-FE10BD2A2695}.RAC|Any CPU.ActiveCfg = RAC|Any CPU
		{430C4E72-9AEE-4164-B84B-FE10BD2A2695}.RAC|Any CPU.Build.0 = RAC|Any CPU
		{430C4E72-9AEE-4164-B84B-FE10BD2A2695}.Release|Any CPU.ActiveCfg = Release|Any CPU
		{430C4E72-9AEE-4164-B84B-FE10BD2A2695}.Release|Any CPU.Build.0 = Release|Any CPU
		{DF2AFC40-93FF-4A9C-8A5E-AA2CFBE3EB10}.Debug|Any CPU.ActiveCfg = Debug|Any CPU
		{DF2AFC40-93FF-4A9C-8A5E-AA2CFBE3EB10}.Debug|Any CPU.Build.0 = Debug|Any CPU
		{DF2AFC40-93FF-4A9C-8A5E-AA2CFBE3EB10}.RAC|Any CPU.ActiveCfg = RAC|Any CPU
		{DF2AFC40-93FF-4A9C-8A5E-AA2CFBE3EB10}.RAC|Any CPU.Build.0 = RAC|Any CPU
		{DF2AFC40-93FF-4A9C-8A5E-AA2CFBE3EB10}.Release|Any CPU.ActiveCfg = Release|Any CPU
		{DF2AFC40-93FF-4A9C-8A5E-AA2CFBE3EB10}.Release|Any CPU.Build.0 = Release|Any CPU
		{E81784EC-2BB6-4C54-B9BF-FF147A87EA77}.Debug|Any CPU.ActiveCfg = Debug|Any CPU
		{E81784EC-2BB6-4C54-B9BF-FF147A87EA77}.Debug|Any CPU.Build.0 = Debug|Any CPU
		{E81784EC-2BB6-4C54-B9BF-FF147A87EA77}.RAC|Any CPU.ActiveCfg = Release|Any CPU
		{E81784EC-2BB6-4C54-B9BF-FF147A87EA77}.RAC|Any CPU.Build.0 = Release|Any CPU
		{E81784EC-2BB6-4C54-B9BF-FF147A87EA77}.Release|Any CPU.ActiveCfg = Release|Any CPU
		{E81784EC-2BB6-4C54-B9BF-FF147A87EA77}.Release|Any CPU.Build.0 = Release|Any CPU
		{CD3DBADC-92B7-43FA-BE4D-8D70EE25B234}.Debug|Any CPU.ActiveCfg = Debug|Any CPU
		{CD3DBADC-92B7-43FA-BE4D-8D70EE25B234}.Debug|Any CPU.Build.0 = Debug|Any CPU
		{CD3DBADC-92B7-43FA-BE4D-8D70EE25B234}.RAC|Any CPU.ActiveCfg = Release|Any CPU
		{CD3DBADC-92B7-43FA-BE4D-8D70EE25B234}.RAC|Any CPU.Build.0 = Release|Any CPU
		{CD3DBADC-92B7-43FA-BE4D-8D70EE25B234}.Release|Any CPU.ActiveCfg = Release|Any CPU
		{CD3DBADC-92B7-43FA-BE4D-8D70EE25B234}.Release|Any CPU.Build.0 = Release|Any CPU
		{CE226705-9999-4CEE-9048-364C0248DED2}.Debug|Any CPU.ActiveCfg = Debug|Any CPU
		{CE226705-9999-4CEE-9048-364C0248DED2}.Debug|Any CPU.Build.0 = Debug|Any CPU
		{CE226705-9999-4CEE-9048-364C0248DED2}.RAC|Any CPU.ActiveCfg = Release|Any CPU
		{CE226705-9999-4CEE-9048-364C0248DED2}.RAC|Any CPU.Build.0 = Release|Any CPU
		{CE226705-9999-4CEE-9048-364C0248DED2}.Release|Any CPU.ActiveCfg = Release|Any CPU
		{CE226705-9999-4CEE-9048-364C0248DED2}.Release|Any CPU.Build.0 = Release|Any CPU
	EndGlobalSection
	GlobalSection(SolutionProperties) = preSolution
		HideSolutionNode = FALSE
	EndGlobalSection
	GlobalSection(NestedProjects) = preSolution
		{B66B3569-7DAC-4DF0-8F5D-E379812B7B27} = {2BDA7C3A-7A0D-4E0F-9716-36E37E7F4825}
		{C1A0D295-F0A8-4311-91A6-CA864CDB8567} = {2BDA7C3A-7A0D-4E0F-9716-36E37E7F4825}
		{430C4E72-9AEE-4164-B84B-FE10BD2A2695} = {2BDA7C3A-7A0D-4E0F-9716-36E37E7F4825}
		{DF2AFC40-93FF-4A9C-8A5E-AA2CFBE3EB10} = {2BDA7C3A-7A0D-4E0F-9716-36E37E7F4825}
		{E81784EC-2BB6-4C54-B9BF-FF147A87EA77} = {0A54AF34-86E8-4573-972F-31C5E6A74DC8}
		{CD3DBADC-92B7-43FA-BE4D-8D70EE25B234} = {0A54AF34-86E8-4573-972F-31C5E6A74DC8}
		{CE226705-9999-4CEE-9048-364C0248DED2} = {0A54AF34-86E8-4573-972F-31C5E6A74DC8}
	EndGlobalSection
	GlobalSection(ExtensibilityGlobals) = postSolution
		SolutionGuid = {C9D865BB-7A7E-412D-B068-C938E45D4DF4}
	EndGlobalSection
EndGlobal
